// !$*UTF8*$!
{
	archiveVersion = 1;
	classes = {
	};
	objectVersion = 48;
	objects = {

/* Begin PBXBuildFile section */
		CB5A9DA320752A8400C5E4A0 /* AppDelegate.swift in Sources */ = {isa = PBXBuildFile; fileRef = CB5A9DA220752A8400C5E4A0 /* AppDelegate.swift */; };
		CB5A9DA520752A8400C5E4A0 /* ViewController.swift in Sources */ = {isa = PBXBuildFile; fileRef = CB5A9DA420752A8400C5E4A0 /* ViewController.swift */; };
		CB5A9DA820752A8400C5E4A0 /* Main.storyboard in Resources */ = {isa = PBXBuildFile; fileRef = CB5A9DA620752A8400C5E4A0 /* Main.storyboard */; };
		CB5A9DAA20752A8400C5E4A0 /* Assets.xcassets in Resources */ = {isa = PBXBuildFile; fileRef = CB5A9DA920752A8400C5E4A0 /* Assets.xcassets */; };
		CB5A9DAD20752A8400C5E4A0 /* LaunchScreen.storyboard in Resources */ = {isa = PBXBuildFile; fileRef = CB5A9DAB20752A8400C5E4A0 /* LaunchScreen.storyboard */; };
		CB5A9DB820752A8400C5E4A0 /* GyropediaTests.swift in Sources */ = {isa = PBXBuildFile; fileRef = CB5A9DB720752A8400C5E4A0 /* GyropediaTests.swift */; };
		CB5A9DC320752A8400C5E4A0 /* GyropediaUITests.swift in Sources */ = {isa = PBXBuildFile; fileRef = CB5A9DC220752A8400C5E4A0 /* GyropediaUITests.swift */; };
/* End PBXBuildFile section */

/* Begin PBXContainerItemProxy section */
		CB5A9DB420752A8400C5E4A0 /* PBXContainerItemProxy */ = {
			isa = PBXContainerItemProxy;
			containerPortal = CB5A9D9720752A8400C5E4A0 /* Project object */;
			proxyType = 1;
			remoteGlobalIDString = CB5A9D9E20752A8400C5E4A0;
			remoteInfo = Gyropedia;
		};
		CB5A9DBF20752A8400C5E4A0 /* PBXContainerItemProxy */ = {
			isa = PBXContainerItemProxy;
			containerPortal = CB5A9D9720752A8400C5E4A0 /* Project object */;
			proxyType = 1;
			remoteGlobalIDString = CB5A9D9E20752A8400C5E4A0;
			remoteInfo = Gyropedia;
		};
/* End PBXContainerItemProxy section */

/* Begin PBXFileReference section */
		CB5A9D9F20752A8400C5E4A0 /* Gyropedia.app */ = {isa = PBXFileReference; explicitFileType = wrapper.application; includeInIndex = 0; path = Gyropedia.app; sourceTree = BUILT_PRODUCTS_DIR; };
		CB5A9DA220752A8400C5E4A0 /* AppDelegate.swift */ = {isa = PBXFileReference; lastKnownFileType = sourcecode.swift; path = AppDelegate.swift; sourceTree = "<group>"; };
		CB5A9DA420752A8400C5E4A0 /* ViewController.swift */ = {isa = PBXFileReference; lastKnownFileType = sourcecode.swift; path = ViewController.swift; sourceTree = "<group>"; };
		CB5A9DA720752A8400C5E4A0 /* Base */ = {isa = PBXFileReference; lastKnownFileType = file.storyboard; name = Base; path = Base.lproj/Main.storyboard; sourceTree = "<group>"; };
		CB5A9DA920752A8400C5E4A0 /* Assets.xcassets */ = {isa = PBXFileReference; lastKnownFileType = folder.assetcatalog; path = Assets.xcassets; sourceTree = "<group>"; };
		CB5A9DAC20752A8400C5E4A0 /* Base */ = {isa = PBXFileReference; lastKnownFileType = file.storyboard; name = Base; path = Base.lproj/LaunchScreen.storyboard; sourceTree = "<group>"; };
		CB5A9DAE20752A8400C5E4A0 /* Info.plist */ = {isa = PBXFileReference; lastKnownFileType = text.plist.xml; path = Info.plist; sourceTree = "<group>"; };
		CB5A9DB320752A8400C5E4A0 /* GyropediaTests.xctest */ = {isa = PBXFileReference; explicitFileType = wrapper.cfbundle; includeInIndex = 0; path = GyropediaTests.xctest; sourceTree = BUILT_PRODUCTS_DIR; };
		CB5A9DB720752A8400C5E4A0 /* GyropediaTests.swift */ = {isa = PBXFileReference; lastKnownFileType = sourcecode.swift; path = GyropediaTests.swift; sourceTree = "<group>"; };
		CB5A9DB920752A8400C5E4A0 /* Info.plist */ = {isa = PBXFileReference; lastKnownFileType = text.plist.xml; path = Info.plist; sourceTree = "<group>"; };
		CB5A9DBE20752A8400C5E4A0 /* GyropediaUITests.xctest */ = {isa = PBXFileReference; explicitFileType = wrapper.cfbundle; includeInIndex = 0; path = GyropediaUITests.xctest; sourceTree = BUILT_PRODUCTS_DIR; };
		CB5A9DC220752A8400C5E4A0 /* GyropediaUITests.swift */ = {isa = PBXFileReference; lastKnownFileType = sourcecode.swift; path = GyropediaUITests.swift; sourceTree = "<group>"; };
		CB5A9DC420752A8400C5E4A0 /* Info.plist */ = {isa = PBXFileReference; lastKnownFileType = text.plist.xml; path = Info.plist; sourceTree = "<group>"; };
/* End PBXFileReference section */

/* Begin PBXFrameworksBuildPhase section */
		CB5A9D9C20752A8400C5E4A0 /* Frameworks */ = {
			isa = PBXFrameworksBuildPhase;
			buildActionMask = 2147483647;
			files = (
			);
			runOnlyForDeploymentPostprocessing = 0;
		};
		CB5A9DB020752A8400C5E4A0 /* Frameworks */ = {
			isa = PBXFrameworksBuildPhase;
			buildActionMask = 2147483647;
			files = (
			);
			runOnlyForDeploymentPostprocessing = 0;
		};
		CB5A9DBB20752A8400C5E4A0 /* Frameworks */ = {
			isa = PBXFrameworksBuildPhase;
			buildActionMask = 2147483647;
			files = (
			);
			runOnlyForDeploymentPostprocessing = 0;
		};
/* End PBXFrameworksBuildPhase section */

/* Begin PBXGroup section */
		CB5A9D9620752A8400C5E4A0 = {
			isa = PBXGroup;
			children = (
				CB5A9DA120752A8400C5E4A0 /* Gyropedia */,
				CB5A9DB620752A8400C5E4A0 /* GyropediaTests */,
				CB5A9DC120752A8400C5E4A0 /* GyropediaUITests */,
				CB5A9DA020752A8400C5E4A0 /* Products */,
			);
			sourceTree = "<group>";
		};
		CB5A9DA020752A8400C5E4A0 /* Products */ = {
			isa = PBXGroup;
			children = (
				CB5A9D9F20752A8400C5E4A0 /* Gyropedia.app */,
				CB5A9DB320752A8400C5E4A0 /* GyropediaTests.xctest */,
				CB5A9DBE20752A8400C5E4A0 /* GyropediaUITests.xctest */,
			);
			name = Products;
			sourceTree = "<group>";
		};
		CB5A9DA120752A8400C5E4A0 /* Gyropedia */ = {
			isa = PBXGroup;
			children = (
				CB5A9DA220752A8400C5E4A0 /* AppDelegate.swift */,
				CB5A9DA420752A8400C5E4A0 /* ViewController.swift */,
				CB5A9DA620752A8400C5E4A0 /* Main.storyboard */,
				CB5A9DA920752A8400C5E4A0 /* Assets.xcassets */,
				CB5A9DAB20752A8400C5E4A0 /* LaunchScreen.storyboard */,
				CB5A9DAE20752A8400C5E4A0 /* Info.plist */,
			);
			path = Gyropedia;
			sourceTree = "<group>";
		};
		CB5A9DB620752A8400C5E4A0 /* GyropediaTests */ = {
			isa = PBXGroup;
			children = (
				CB5A9DB720752A8400C5E4A0 /* GyropediaTests.swift */,
				CB5A9DB920752A8400C5E4A0 /* Info.plist */,
			);
			path = GyropediaTests;
			sourceTree = "<group>";
		};
		CB5A9DC120752A8400C5E4A0 /* GyropediaUITests */ = {
			isa = PBXGroup;
			children = (
				CB5A9DC220752A8400C5E4A0 /* GyropediaUITests.swift */,
				CB5A9DC420752A8400C5E4A0 /* Info.plist */,
			);
			path = GyropediaUITests;
			sourceTree = "<group>";
		};
/* End PBXGroup section */

/* Begin PBXNativeTarget section */
		CB5A9D9E20752A8400C5E4A0 /* Gyropedia */ = {
			isa = PBXNativeTarget;
			buildConfigurationList = CB5A9DC720752A8400C5E4A0 /* Build configuration list for PBXNativeTarget "Gyropedia" */;
			buildPhases = (
				CB5A9D9B20752A8400C5E4A0 /* Sources */,
				CB5A9D9C20752A8400C5E4A0 /* Frameworks */,
				CB5A9D9D20752A8400C5E4A0 /* Resources */,
			);
			buildRules = (
			);
			dependencies = (
			);
			name = Gyropedia;
			productName = Gyropedia;
			productReference = CB5A9D9F20752A8400C5E4A0 /* Gyropedia.app */;
			productType = "com.apple.product-type.application";
		};
		CB5A9DB220752A8400C5E4A0 /* GyropediaTests */ = {
			isa = PBXNativeTarget;
			buildConfigurationList = CB5A9DCA20752A8400C5E4A0 /* Build configuration list for PBXNativeTarget "GyropediaTests" */;
			buildPhases = (
				CB5A9DAF20752A8400C5E4A0 /* Sources */,
				CB5A9DB020752A8400C5E4A0 /* Frameworks */,
				CB5A9DB120752A8400C5E4A0 /* Resources */,
			);
			buildRules = (
			);
			dependencies = (
				CB5A9DB520752A8400C5E4A0 /* PBXTargetDependency */,
			);
			name = GyropediaTests;
			productName = GyropediaTests;
			productReference = CB5A9DB320752A8400C5E4A0 /* GyropediaTests.xctest */;
			productType = "com.apple.product-type.bundle.unit-test";
		};
		CB5A9DBD20752A8400C5E4A0 /* GyropediaUITests */ = {
			isa = PBXNativeTarget;
			buildConfigurationList = CB5A9DCD20752A8400C5E4A0 /* Build configuration list for PBXNativeTarget "GyropediaUITests" */;
			buildPhases = (
				CB5A9DBA20752A8400C5E4A0 /* Sources */,
				CB5A9DBB20752A8400C5E4A0 /* Frameworks */,
				CB5A9DBC20752A8400C5E4A0 /* Resources */,
			);
			buildRules = (
			);
			dependencies = (
				CB5A9DC020752A8400C5E4A0 /* PBXTargetDependency */,
			);
			name = GyropediaUITests;
			productName = GyropediaUITests;
			productReference = CB5A9DBE20752A8400C5E4A0 /* GyropediaUITests.xctest */;
			productType = "com.apple.product-type.bundle.ui-testing";
		};
/* End PBXNativeTarget section */

/* Begin PBXProject section */
		CB5A9D9720752A8400C5E4A0 /* Project object */ = {
			isa = PBXProject;
			attributes = {
				LastSwiftUpdateCheck = 0910;
				LastUpgradeCheck = 0910;
				ORGANIZATIONNAME = Admin;
				TargetAttributes = {
					CB5A9D9E20752A8400C5E4A0 = {
						CreatedOnToolsVersion = 9.1;
						ProvisioningStyle = Automatic;
					};
					CB5A9DB220752A8400C5E4A0 = {
						CreatedOnToolsVersion = 9.1;
						ProvisioningStyle = Automatic;
						TestTargetID = CB5A9D9E20752A8400C5E4A0;
					};
					CB5A9DBD20752A8400C5E4A0 = {
						CreatedOnToolsVersion = 9.1;
						ProvisioningStyle = Automatic;
						TestTargetID = CB5A9D9E20752A8400C5E4A0;
					};
				};
			};
			buildConfigurationList = CB5A9D9A20752A8400C5E4A0 /* Build configuration list for PBXProject "Gyropedia" */;
			compatibilityVersion = "Xcode 8.0";
			developmentRegion = en;
			hasScannedForEncodings = 0;
			knownRegions = (
				en,
				Base,
			);
			mainGroup = CB5A9D9620752A8400C5E4A0;
			productRefGroup = CB5A9DA020752A8400C5E4A0 /* Products */;
			projectDirPath = "";
			projectRoot = "";
			targets = (
				CB5A9D9E20752A8400C5E4A0 /* Gyropedia */,
				CB5A9DB220752A8400C5E4A0 /* GyropediaTests */,
				CB5A9DBD20752A8400C5E4A0 /* GyropediaUITests */,
			);
		};
/* End PBXProject section */

/* Begin PBXResourcesBuildPhase section */
		CB5A9D9D20752A8400C5E4A0 /* Resources */ = {
			isa = PBXResourcesBuildPhase;
			buildActionMask = 2147483647;
			files = (
				CB5A9DAD20752A8400C5E4A0 /* LaunchScreen.storyboard in Resources */,
				CB5A9DAA20752A8400C5E4A0 /* Assets.xcassets in Resources */,
				CB5A9DA820752A8400C5E4A0 /* Main.storyboard in Resources */,
			);
			runOnlyForDeploymentPostprocessing = 0;
		};
		CB5A9DB120752A8400C5E4A0 /* Resources */ = {
			isa = PBXResourcesBuildPhase;
			buildActionMask = 2147483647;
			files = (
			);
			runOnlyForDeploymentPostprocessing = 0;
		};
		CB5A9DBC20752A8400C5E4A0 /* Resources */ = {
			isa = PBXResourcesBuildPhase;
			buildActionMask = 2147483647;
			files = (
			);
			runOnlyForDeploymentPostprocessing = 0;
		};
/* End PBXResourcesBuildPhase section */

/* Begin PBXSourcesBuildPhase section */
		CB5A9D9B20752A8400C5E4A0 /* Sources */ = {
			isa = PBXSourcesBuildPhase;
			buildActionMask = 2147483647;
			files = (
				CB5A9DA520752A8400C5E4A0 /* ViewController.swift in Sources */,
				CB5A9DA320752A8400C5E4A0 /* AppDelegate.swift in Sources */,
			);
			runOnlyForDeploymentPostprocessing = 0;
		};
		CB5A9DAF20752A8400C5E4A0 /* Sources */ = {
			isa = PBXSourcesBuildPhase;
			buildActionMask = 2147483647;
			files = (
				CB5A9DB820752A8400C5E4A0 /* GyropediaTests.swift in Sources */,
			);
			runOnlyForDeploymentPostprocessing = 0;
		};
		CB5A9DBA20752A8400C5E4A0 /* Sources */ = {
			isa = PBXSourcesBuildPhase;
			buildActionMask = 2147483647;
			files = (
				CB5A9DC320752A8400C5E4A0 /* GyropediaUITests.swift in Sources */,
			);
			runOnlyForDeploymentPostprocessing = 0;
		};
/* End PBXSourcesBuildPhase section */

/* Begin PBXTargetDependency section */
		CB5A9DB520752A8400C5E4A0 /* PBXTargetDependency */ = {
			isa = PBXTargetDependency;
			target = CB5A9D9E20752A8400C5E4A0 /* Gyropedia */;
			targetProxy = CB5A9DB420752A8400C5E4A0 /* PBXContainerItemProxy */;
		};
		CB5A9DC020752A8400C5E4A0 /* PBXTargetDependency */ = {
			isa = PBXTargetDependency;
			target = CB5A9D9E20752A8400C5E4A0 /* Gyropedia */;
			targetProxy = CB5A9DBF20752A8400C5E4A0 /* PBXContainerItemProxy */;
		};
/* End PBXTargetDependency section */

/* Begin PBXVariantGroup section */
		CB5A9DA620752A8400C5E4A0 /* Main.storyboard */ = {
			isa = PBXVariantGroup;
			children = (
				CB5A9DA720752A8400C5E4A0 /* Base */,
			);
			name = Main.storyboard;
			sourceTree = "<group>";
		};
		CB5A9DAB20752A8400C5E4A0 /* LaunchScreen.storyboard */ = {
			isa = PBXVariantGroup;
			children = (
				CB5A9DAC20752A8400C5E4A0 /* Base */,
			);
			name = LaunchScreen.storyboard;
			sourceTree = "<group>";
		};
/* End PBXVariantGroup section */

/* Begin XCBuildConfiguration section */
		CB5A9DC520752A8400C5E4A0 /* Debug */ = {
			isa = XCBuildConfiguration;
			buildSettings = {
				ALWAYS_SEARCH_USER_PATHS = NO;
				CLANG_ANALYZER_NONNULL = YES;
				CLANG_ANALYZER_NUMBER_OBJECT_CONVERSION = YES_AGGRESSIVE;
				CLANG_CXX_LANGUAGE_STANDARD = "gnu++14";
				CLANG_CXX_LIBRARY = "libc++";
				CLANG_ENABLE_MODULES = YES;
				CLANG_ENABLE_OBJC_ARC = YES;
				CLANG_WARN_BLOCK_CAPTURE_AUTORELEASING = YES;
				CLANG_WARN_BOOL_CONVERSION = YES;
				CLANG_WARN_COMMA = YES;
				CLANG_WARN_CONSTANT_CONVERSION = YES;
				CLANG_WARN_DIRECT_OBJC_ISA_USAGE = YES_ERROR;
				CLANG_WARN_DOCUMENTATION_COMMENTS = YES;
				CLANG_WARN_EMPTY_BODY = YES;
				CLANG_WARN_ENUM_CONVERSION = YES;
				CLANG_WARN_INFINITE_RECURSION = YES;
				CLANG_WARN_INT_CONVERSION = YES;
				CLANG_WARN_NON_LITERAL_NULL_CONVERSION = YES;
				CLANG_WARN_OBJC_LITERAL_CONVERSION = YES;
				CLANG_WARN_OBJC_ROOT_CLASS = YES_ERROR;
				CLANG_WARN_RANGE_LOOP_ANALYSIS = YES;
				CLANG_WARN_STRICT_PROTOTYPES = YES;
				CLANG_WARN_SUSPICIOUS_MOVE = YES;
				CLANG_WARN_UNGUARDED_AVAILABILITY = YES_AGGRESSIVE;
				CLANG_WARN_UNREACHABLE_CODE = YES;
				CLANG_WARN__DUPLICATE_METHOD_MATCH = YES;
				CODE_SIGN_IDENTITY = "iPhone Developer";
				COPY_PHASE_STRIP = NO;
				DEBUG_INFORMATION_FORMAT = dwarf;
				ENABLE_STRICT_OBJC_MSGSEND = YES;
				ENABLE_TESTABILITY = YES;
				GCC_C_LANGUAGE_STANDARD = gnu11;
				GCC_DYNAMIC_NO_PIC = NO;
				GCC_NO_COMMON_BLOCKS = YES;
				GCC_OPTIMIZATION_LEVEL = 0;
				GCC_PREPROCESSOR_DEFINITIONS = (
					"DEBUG=1",
					"$(inherited)",
				);
				GCC_WARN_64_TO_32_BIT_CONVERSION = YES;
				GCC_WARN_ABOUT_RETURN_TYPE = YES_ERROR;
				GCC_WARN_UNDECLARED_SELECTOR = YES;
				GCC_WARN_UNINITIALIZED_AUTOS = YES_AGGRESSIVE;
				GCC_WARN_UNUSED_FUNCTION = YES;
				GCC_WARN_UNUSED_VARIABLE = YES;
				IPHONEOS_DEPLOYMENT_TARGET = 11.1;
				MTL_ENABLE_DEBUG_INFO = YES;
				ONLY_ACTIVE_ARCH = YES;
				SDKROOT = iphoneos;
				SWIFT_ACTIVE_COMPILATION_CONDITIONS = DEBUG;
				SWIFT_OPTIMIZATION_LEVEL = "-Onone";
			};
			name = Debug;
		};
		CB5A9DC620752A8400C5E4A0 /* Release */ = {
			isa = XCBuildConfiguration;
			buildSettings = {
				ALWAYS_SEARCH_USER_PATHS = NO;
				CLANG_ANALYZER_NONNULL = YES;
				CLANG_ANALYZER_NUMBER_OBJECT_CONVERSION = YES_AGGRESSIVE;
				CLANG_CXX_LANGUAGE_STANDARD = "gnu++14";
				CLANG_CXX_LIBRARY = "libc++";
				CLANG_ENABLE_MODULES = YES;
				CLANG_ENABLE_OBJC_ARC = YES;
				CLANG_WARN_BLOCK_CAPTURE_AUTORELEASING = YES;
				CLANG_WARN_BOOL_CONVERSION = YES;
				CLANG_WARN_COMMA = YES;
				CLANG_WARN_CONSTANT_CONVERSION = YES;
				CLANG_WARN_DIRECT_OBJC_ISA_USAGE = YES_ERROR;
				CLANG_WARN_DOCUMENTATION_COMMENTS = YES;
				CLANG_WARN_EMPTY_BODY = YES;
				CLANG_WARN_ENUM_CONVERSION = YES;
				CLANG_WARN_INFINITE_RECURSION = YES;
				CLANG_WARN_INT_CONVERSION = YES;
				CLANG_WARN_NON_LITERAL_NULL_CONVERSION = YES;
				CLANG_WARN_OBJC_LITERAL_CONVERSION = YES;
				CLANG_WARN_OBJC_ROOT_CLASS = YES_ERROR;
				CLANG_WARN_RANGE_LOOP_ANALYSIS = YES;
				CLANG_WARN_STRICT_PROTOTYPES = YES;
				CLANG_WARN_SUSPICIOUS_MOVE = YES;
				CLANG_WARN_UNGUARDED_AVAILABILITY = YES_AGGRESSIVE;
				CLANG_WARN_UNREACHABLE_CODE = YES;
				CLANG_WARN__DUPLICATE_METHOD_MATCH = YES;
				CODE_SIGN_IDENTITY = "iPhone Developer";
				COPY_PHASE_STRIP = NO;
				DEBUG_INFORMATION_FORMAT = "dwarf-with-dsym";
				ENABLE_NS_ASSERTIONS = NO;
				ENABLE_STRICT_OBJC_MSGSEND = YES;
				GCC_C_LANGUAGE_STANDARD = gnu11;
				GCC_NO_COMMON_BLOCKS = YES;
				GCC_WARN_64_TO_32_BIT_CONVERSION = YES;
				GCC_WARN_ABOUT_RETURN_TYPE = YES_ERROR;
				GCC_WARN_UNDECLARED_SELECTOR = YES;
				GCC_WARN_UNINITIALIZED_AUTOS = YES_AGGRESSIVE;
				GCC_WARN_UNUSED_FUNCTION = YES;
				GCC_WARN_UNUSED_VARIABLE = YES;
				IPHONEOS_DEPLOYMENT_TARGET = 11.1;
				MTL_ENABLE_DEBUG_INFO = NO;
				SDKROOT = iphoneos;
				SWIFT_OPTIMIZATION_LEVEL = "-Owholemodule";
				VALIDATE_PRODUCT = YES;
			};
			name = Release;
		};
		CB5A9DC820752A8400C5E4A0 /* Debug */ = {
			isa = XCBuildConfiguration;
			buildSettings = {
				ASSETCATALOG_COMPILER_APPICON_NAME = AppIcon;
				CODE_SIGN_STYLE = Automatic;
				INFOPLIST_FILE = Gyropedia/Info.plist;
				LD_RUNPATH_SEARCH_PATHS = "$(inherited) @executable_path/Frameworks";
				PRODUCT_BUNDLE_IDENTIFIER = com.systems.testApp.Gyropedia;
				PRODUCT_NAME = "$(TARGET_NAME)";
				SWIFT_VERSION = 4.0;
				TARGETED_DEVICE_FAMILY = "1,2";
			};
			name = Debug;
		};
		CB5A9DC920752A8400C5E4A0 /* Release */ = {
			isa = XCBuildConfiguration;
			buildSettings = {
				ASSETCATALOG_COMPILER_APPICON_NAME = AppIcon;
				CODE_SIGN_STYLE = Automatic;
				INFOPLIST_FILE = Gyropedia/Info.plist;
				LD_RUNPATH_SEARCH_PATHS = "$(inherited) @executable_path/Frameworks";
				PRODUCT_BUNDLE_IDENTIFIER = com.systems.testApp.Gyropedia;
				PRODUCT_NAME = "$(TARGET_NAME)";
				SWIFT_VERSION = 4.0;
				TARGETED_DEVICE_FAMILY = "1,2";
			};
			name = Release;
		};
		CB5A9DCB20752A8400C5E4A0 /* Debug */ = {
			isa = XCBuildConfiguration;
			buildSettings = {
				ALWAYS_EMBED_SWIFT_STANDARD_LIBRARIES = YES;
				BUNDLE_LOADER = "$(TEST_HOST)";
				CODE_SIGN_STYLE = Automatic;
				INFOPLIST_FILE = GyropediaTests/Info.plist;
				LD_RUNPATH_SEARCH_PATHS = "$(inherited) @executable_path/Frameworks @loader_path/Frameworks";
				PRODUCT_BUNDLE_IDENTIFIER = com.systems.testApp.GyropediaTests;
				PRODUCT_NAME = "$(TARGET_NAME)";
				SWIFT_VERSION = 4.0;
				TARGETED_DEVICE_FAMILY = "1,2";
				TEST_HOST = "$(BUILT_PRODUCTS_DIR)/Gyropedia.app/Gyropedia";
			};
			name = Debug;
		};
		CB5A9DCC20752A8400C5E4A0 /* Release */ = {
			isa = XCBuildConfiguration;
			buildSettings = {
				ALWAYS_EMBED_SWIFT_STANDARD_LIBRARIES = YES;
				BUNDLE_LOADER = "$(TEST_HOST)";
				CODE_SIGN_STYLE = Automatic;
				INFOPLIST_FILE = GyropediaTests/Info.plist;
				LD_RUNPATH_SEARCH_PATHS = "$(inherited) @executable_path/Frameworks @loader_path/Frameworks";
				PRODUCT_BUNDLE_IDENTIFIER = com.systems.testApp.GyropediaTests;
				PRODUCT_NAME = "$(TARGET_NAME)";
				SWIFT_VERSION = 4.0;
				TARGETED_DEVICE_FAMILY = "1,2";
				TEST_HOST = "$(BUILT_PRODUCTS_DIR)/Gyropedia.app/Gyropedia";
			};
			name = Release;
		};
		CB5A9DCE20752A8400C5E4A0 /* Debug */ = {
			isa = XCBuildConfiguration;
			buildSettings = {
				ALWAYS_EMBED_SWIFT_STANDARD_LIBRARIES = YES;
				CODE_SIGN_STYLE = Automatic;
				INFOPLIST_FILE = GyropediaUITests/Info.plist;
				LD_RUNPATH_SEARCH_PATHS = "$(inherited) @executable_path/Frameworks @loader_path/Frameworks";
				PRODUCT_BUNDLE_IDENTIFIER = com.systems.testApp.GyropediaUITests;
				PRODUCT_NAME = "$(TARGET_NAME)";
				SWIFT_VERSION = 4.0;
				TARGETED_DEVICE_FAMILY = "1,2";
				TEST_TARGET_NAME = Gyropedia;
			};
			name = Debug;
		};
		CB5A9DCF20752A8400C5E4A0 /* Release */ = {
			isa = XCBuildConfiguration;
			buildSettings = {
				ALWAYS_EMBED_SWIFT_STANDARD_LIBRARIES = YES;
				CODE_SIGN_STYLE = Automatic;
				INFOPLIST_FILE = GyropediaUITests/Info.plist;
				LD_RUNPATH_SEARCH_PATHS = "$(inherited) @executable_path/Frameworks @loader_path/Frameworks";
				PRODUCT_BUNDLE_IDENTIFIER = com.systems.testApp.GyropediaUITests;
				PRODUCT_NAME = "$(TARGET_NAME)";
				SWIFT_VERSION = 4.0;
				TARGETED_DEVICE_FAMILY = "1,2";
				TEST_TARGET_NAME = Gyropedia;
			};
			name = Release;
		};
/* End XCBuildConfiguration section */

/* Begin XCConfigurationList section */
		CB5A9D9A20752A8400C5E4A0 /* Build configuration list for PBXProject "Gyropedia" */ = {
			isa = XCConfigurationList;
			buildConfigurations = (
				CB5A9DC520752A8400C5E4A0 /* Debug */,
				CB5A9DC620752A8400C5E4A0 /* Release */,
			);
			defaultConfigurationIsVisible = 0;
			defaultConfigurationName = Release;
		};
		CB5A9DC720752A8400C5E4A0 /* Build configuration list for PBXNativeTarget "Gyropedia" */ = {
			isa = XCConfigurationList;
			buildConfigurations = (
				CB5A9DC820752A8400C5E4A0 /* Debug */,
				CB5A9DC920752A8400C5E4A0 /* Release */,
			);
			defaultConfigurationIsVisible = 0;
			defaultConfigurationName = Release;
		};
		CB5A9DCA20752A8400C5E4A0 /* Build configuration list for PBXNativeTarget "GyropediaTests" */ = {
			isa = XCConfigurationList;
			buildConfigurations = (
				CB5A9DCB20752A8400C5E4A0 /* Debug */,
				CB5A9DCC20752A8400C5E4A0 /* Release */,
			);
			defaultConfigurationIsVisible = 0;
			defaultConfigurationName = Release;
		};
		CB5A9DCD20752A8400C5E4A0 /* Build configuration list for PBXNativeTarget "GyropediaUITests" */ = {
			isa = XCConfigurationList;
			buildConfigurations = (
				CB5A9DCE20752A8400C5E4A0 /* Debug */,
				CB5A9DCF20752A8400C5E4A0 /* Release */,
			);
			defaultConfigurationIsVisible = 0;
			defaultConfigurationName = Release;
		};
/* End XCConfigurationList section */
	};
	rootObject = CB5A9D9720752A8400C5E4A0 /* Project object */;
}
